
Microsoft Visual Studio Solution File, Format Version 12.00
# Visual Studio 15
VisualStudioVersion = 15.0.27130.2003
MinimumVisualStudioVersion = 10.0.40219.1
Project("{FAE04EC0-301F-11D3-BF4B-00C04F79EFBC}") = "WebSystem", "WebSystem\WebSystem.csproj", "{8C8299CE-1523-43BE-8C89-1BC95B6ED829}"
EndProject
Project("{FAE04EC0-301F-11D3-BF4B-00C04F79EFBC}") = "DataSystem", "DataSystem\DataSystem.csproj", "{B8DE5BAD-456C-4D42-B9D8-5E202BBEC408}"
EndProject
Project("{FAE04EC0-301F-11D3-BF4B-00C04F79EFBC}") = "ClientSystem", "ClientSystem\ClientSystem.csproj", "{FEB29BD6-65BF-468C-99B4-65759B7E9524}"
	ProjectSection(ProjectDependencies) = postProject
		{8C8299CE-1523-43BE-8C89-1BC95B6ED829} = {8C8299CE-1523-43BE-8C89-1BC95B6ED829}
	EndProjectSection
EndProject
Global
	GlobalSection(Performance) = preSolution
		HasPerformanceSessions = true
	EndGlobalSection
	GlobalSection(SolutionConfigurationPlatforms) = preSolution
		Debug|Any CPU = Debug|Any CPU
		Release|Any CPU = Release|Any CPU
	EndGlobalSection
	GlobalSection(ProjectConfigurationPlatforms) = postSolution
		{8C8299CE-1523-43BE-8C89-1BC95B6ED829}.Debug|Any CPU.ActiveCfg = Debug|Any CPU
		{8C8299CE-1523-43BE-8C89-1BC95B6ED829}.Debug|Any CPU.Build.0 = Debug|Any CPU
		{8C8299CE-1523-43BE-8C89-1BC95B6ED829}.Release|Any CPU.ActiveCfg = Release|Any CPU
		{8C8299CE-1523-43BE-8C89-1BC95B6ED829}.Release|Any CPU.Build.0 = Release|Any CPU
		{B8DE5BAD-456C-4D42-B9D8-5E202BBEC408}.Debug|Any CPU.ActiveCfg = Debug|Any CPU
		{B8DE5BAD-456C-4D42-B9D8-5E202BBEC408}.Debug|Any CPU.Build.0 = Debug|Any CPU
		{B8DE5BAD-456C-4D42-B9D8-5E202BBEC408}.Release|Any CPU.ActiveCfg = Release|Any CPU
		{B8DE5BAD-456C-4D42-B9D8-5E202BBEC408}.Release|Any CPU.Build.0 = Release|Any CPU
		{FEB29BD6-65BF-468C-99B4-65759B7E9524}.Debug|Any CPU.ActiveCfg = Debug|Any CPU
		{FEB29BD6-65BF-468C-99B4-65759B7E9524}.Debug|Any CPU.Build.0 = Debug|Any CPU
		{FEB29BD6-65BF-468C-99B4-65759B7E9524}.Release|Any CPU.ActiveCfg = Release|Any CPU
		{FEB29BD6-65BF-468C-99B4-65759B7E9524}.Release|Any CPU.Build.0 = Release|Any CPU
	EndGlobalSection
	GlobalSection(SolutionProperties) = preSolution
		HideSolutionNode = FALSE
	EndGlobalSection
	GlobalSection(ExtensibilityGlobals) = postSolution
		SolutionGuid = {400F9FB2-0999-49C9-B59E-0EE2F546857A}
	EndGlobalSection
EndGlobal
